
Microsoft Visual Studio Solution File, Format Version 12.00
# Visual Studio 15
VisualStudioVersion = 15.0.28307.329
MinimumVisualStudioVersion = 10.0.40219.1
Project("{FAE04EC0-301F-11D3-BF4B-00C04F79EFBC}") = "MVVMWPFtest", "MVVMWPFtest\MVVMWPFtest.csproj", "{BC7A643A-BC99-4104-96F1-B71F2AB97368}"
EndProject
Project("{FAE04EC0-301F-11D3-BF4B-00C04F79EFBC}") = "MVVMtest", "MVVMtest\MVVMtest.csproj", "{708E08C2-6B47-49A5-815F-A8C1F5E1F34A}"
EndProject
Project("{FAE04EC0-301F-11D3-BF4B-00C04F79EFBC}") = "CommandTest", "CommandTest\CommandTest.csproj", "{59694B58-71A4-4D7D-824F-AC98A20209BA}"
EndProject
Global
	GlobalSection(SolutionConfigurationPlatforms) = preSolution
		Debug|Any CPU = Debug|Any CPU
		Release|Any CPU = Release|Any CPU
	EndGlobalSection
	GlobalSection(ProjectConfigurationPlatforms) = postSolution
		{BC7A643A-BC99-4104-96F1-B71F2AB97368}.Debug|Any CPU.ActiveCfg = Debug|Any CPU
		{BC7A643A-BC99-4104-96F1-B71F2AB97368}.Debug|Any CPU.Build.0 = Debug|Any CPU
		{BC7A643A-BC99-4104-96F1-B71F2AB97368}.Release|Any CPU.ActiveCfg = Release|Any CPU
		{BC7A643A-BC99-4104-96F1-B71F2AB97368}.Release|Any CPU.Build.0 = Release|Any CPU
		{708E08C2-6B47-49A5-815F-A8C1F5E1F34A}.Debug|Any CPU.ActiveCfg = Debug|Any CPU
		{708E08C2-6B47-49A5-815F-A8C1F5E1F34A}.Debug|Any CPU.Build.0 = Debug|Any CPU
		{708E08C2-6B47-49A5-815F-A8C1F5E1F34A}.Release|Any CPU.ActiveCfg = Release|Any CPU
		{708E08C2-6B47-49A5-815F-A8C1F5E1F34A}.Release|Any CPU.Build.0 = Release|Any CPU
		{59694B58-71A4-4D7D-824F-AC98A20209BA}.Debug|Any CPU.ActiveCfg = Debug|Any CPU
		{59694B58-71A4-4D7D-824F-AC98A20209BA}.Debug|Any CPU.Build.0 = Debug|Any CPU
		{59694B58-71A4-4D7D-824F-AC98A20209BA}.Release|Any CPU.ActiveCfg = Release|Any CPU
		{59694B58-71A4-4D7D-824F-AC98A20209BA}.Release|Any CPU.Build.0 = Release|Any CPU
	EndGlobalSection
	GlobalSection(SolutionProperties) = preSolution
		HideSolutionNode = FALSE
	EndGlobalSection
	GlobalSection(ExtensibilityGlobals) = postSolution
		SolutionGuid = {A8650F2B-2514-44A3-BA96-5C48960F5C7C}
	EndGlobalSection
EndGlobal
