
Microsoft Visual Studio Solution File, Format Version 12.00
# Visual Studio 14
VisualStudioVersion = 14.0.25420.1
MinimumVisualStudioVersion = 10.0.40219.1
Project("{FAE04EC0-301F-11D3-BF4B-00C04F79EFBC}") = "CMST.WaitingForm", "CMST.WaitingForm\CMST.WaitingForm.csproj", "{AE9FFED4-4A58-4B7E-88A8-84FCED46F41E}"
EndProject
Project("{FAE04EC0-301F-11D3-BF4B-00C04F79EFBC}") = "Test", "Test\Test.csproj", "{F4215F72-A312-4209-A634-B02B88697556}"
EndProject
Global
	GlobalSection(SolutionConfigurationPlatforms) = preSolution
		Debug|Any CPU = Debug|Any CPU
		Release|Any CPU = Release|Any CPU
	EndGlobalSection
	GlobalSection(ProjectConfigurationPlatforms) = postSolution
		{AE9FFED4-4A58-4B7E-88A8-84FCED46F41E}.Debug|Any CPU.ActiveCfg = Debug|Any CPU
		{AE9FFED4-4A58-4B7E-88A8-84FCED46F41E}.Debug|Any CPU.Build.0 = Debug|Any CPU
		{AE9FFED4-4A58-4B7E-88A8-84FCED46F41E}.Release|Any CPU.ActiveCfg = Release|Any CPU
		{AE9FFED4-4A58-4B7E-88A8-84FCED46F41E}.Release|Any CPU.Build.0 = Release|Any CPU
		{F4215F72-A312-4209-A634-B02B88697556}.Debug|Any CPU.ActiveCfg = Debug|Any CPU
		{F4215F72-A312-4209-A634-B02B88697556}.Debug|Any CPU.Build.0 = Debug|Any CPU
		{F4215F72-A312-4209-A634-B02B88697556}.Release|Any CPU.ActiveCfg = Release|Any CPU
		{F4215F72-A312-4209-A634-B02B88697556}.Release|Any CPU.Build.0 = Release|Any CPU
	EndGlobalSection
	GlobalSection(SolutionProperties) = preSolution
		HideSolutionNode = FALSE
	EndGlobalSection
EndGlobal
